
Microsoft Visual Studio Solution File, Format Version 12.00
# Visual Studio Version 16
VisualStudioVersion = 16.0.30804.86
MinimumVisualStudioVersion = 10.0.40219.1
Project("{FAE04EC0-301F-11D3-BF4B-00C04F79EFBC}") = "Punto_de_venta_codigo369_CHARP", "Punto_de_venta_codigo369_CHARP\Punto_de_venta_codigo369_CHARP.csproj", "{02BAEA94-121F-4C5A-9BF8-29E0D9C78597}"
EndProject
Global
	GlobalSection(SolutionConfigurationPlatforms) = preSolution
		Debug|Any CPU = Debug|Any CPU
		Release|Any CPU = Release|Any CPU
	EndGlobalSection
	GlobalSection(ProjectConfigurationPlatforms) = postSolution
		{02BAEA94-121F-4C5A-9BF8-29E0D9C78597}.Debug|Any CPU.ActiveCfg = Debug|Any CPU
		{02BAEA94-121F-4C5A-9BF8-29E0D9C78597}.Debug|Any CPU.Build.0 = Debug|Any CPU
		{02BAEA94-121F-4C5A-9BF8-29E0D9C78597}.Release|Any CPU.ActiveCfg = Release|Any CPU
		{02BAEA94-121F-4C5A-9BF8-29E0D9C78597}.Release|Any CPU.Build.0 = Release|Any CPU
	EndGlobalSection
	GlobalSection(SolutionProperties) = preSolution
		HideSolutionNode = FALSE
	EndGlobalSection
	GlobalSection(ExtensibilityGlobals) = postSolution
		SolutionGuid = {1774B2FB-AAEF-457D-AABC-D570563BE858}
	EndGlobalSection
EndGlobal
